
Microsoft Visual Studio Solution File, Format Version 12.00
# Visual Studio 14
VisualStudioVersion = 14.0.23107.0
MinimumVisualStudioVersion = 10.0.40219.1
Project("{FAE04EC0-301F-11D3-BF4B-00C04F79EFBC}") = "Mic.Almost.WebUI", "Mic.Almost.WebUI\Mic.Almost.WebUI.csproj", "{E99A0EBC-1D28-4201-9075-D2EC576927D0}"
EndProject
Project("{FAE04EC0-301F-11D3-BF4B-00C04F79EFBC}") = "Mic.Almost.Auth", "Mic.Almost.Auth\Mic.Almost.Auth.csproj", "{E483C783-5E7B-4254-936B-F8306D71081C}"
EndProject
Project("{FAE04EC0-301F-11D3-BF4B-00C04F79EFBC}") = "Mic.Almost.Domain", "Mic.Almost.Domain\Mic.Almost.Domain.csproj", "{213C4F10-EF1B-40AF-8FCF-F480F58F42C3}"
EndProject
Project("{FAE04EC0-301F-11D3-BF4B-00C04F79EFBC}") = "Mic.Almost.WebApi", "Mic.Almost.WebApi\Mic.Almost.WebApi.csproj", "{74A86B80-1F8F-45FE-807C-A9F9BA2E7D50}"
EndProject
Project("{FAE04EC0-301F-11D3-BF4B-00C04F79EFBC}") = "Mic.Almost.Data", "Mic.Almost.Data\Mic.Almost.Data.csproj", "{BEC306B2-735C-46EE-9A4C-5A4D5B9A2AA1}"
EndProject
Project("{FAE04EC0-301F-11D3-BF4B-00C04F79EFBC}") = "Mic.Almost.RepositoryInterfaces", "Mic.Almost.RepositoryInterfaces\Mic.Almost.RepositoryInterfaces.csproj", "{B7F1E9D1-9D4F-4924-8524-169EDB4BDE70}"
EndProject
Project("{FAE04EC0-301F-11D3-BF4B-00C04F79EFBC}") = "Mic.Almost.Business", "Mic.Almost.Business\Mic.Almost.Business.csproj", "{2F223F79-7811-45DD-8570-E400E8B9675F}"
EndProject
Project("{FAE04EC0-301F-11D3-BF4B-00C04F79EFBC}") = "Mic.Almost.BusinessInterfaces", "Mic.Almost.BusinessInterfaces\Mic.Almost.BusinessInterfaces.csproj", "{060BB995-7E6E-4EC7-9345-4013537FD5A4}"
EndProject
Project("{2150E333-8FDC-42A3-9474-1A3956D46DE8}") = "Core", "Core", "{67096AE6-92C8-4937-B26B-05D45D8FB837}"
EndProject
Project("{2150E333-8FDC-42A3-9474-1A3956D46DE8}") = "Infrastructure", "Infrastructure", "{2D0280F9-4F16-48F3-BB46-1DADC5E0A534}"
EndProject
Project("{2150E333-8FDC-42A3-9474-1A3956D46DE8}") = "Client", "Client", "{17D31FE0-A765-46D7-A0A8-558E0FEB23EE}"
EndProject
Project("{FAE04EC0-301F-11D3-BF4B-00C04F79EFBC}") = "Mic.Almost.DependencyInjection", "Mic.Almost.DependencyInjection\Mic.Almost.DependencyInjection.csproj", "{ACD0EE1E-4F2F-4BEB-A2DE-090E2E21AD2D}"
EndProject
Project("{2150E333-8FDC-42A3-9474-1A3956D46DE8}") = "DependencyResolution", "DependencyResolution", "{3812F7B3-E15F-4FF1-90C0-6AA1B998BE5D}"
EndProject
Global
	GlobalSection(SolutionConfigurationPlatforms) = preSolution
		Debug|Any CPU = Debug|Any CPU
		Release|Any CPU = Release|Any CPU
	EndGlobalSection
	GlobalSection(ProjectConfigurationPlatforms) = postSolution
		{E99A0EBC-1D28-4201-9075-D2EC576927D0}.Debug|Any CPU.ActiveCfg = Debug|Any CPU
		{E99A0EBC-1D28-4201-9075-D2EC576927D0}.Debug|Any CPU.Build.0 = Debug|Any CPU
		{E99A0EBC-1D28-4201-9075-D2EC576927D0}.Release|Any CPU.ActiveCfg = Release|Any CPU
		{E99A0EBC-1D28-4201-9075-D2EC576927D0}.Release|Any CPU.Build.0 = Release|Any CPU
		{E483C783-5E7B-4254-936B-F8306D71081C}.Debug|Any CPU.ActiveCfg = Debug|Any CPU
		{E483C783-5E7B-4254-936B-F8306D71081C}.Debug|Any CPU.Build.0 = Debug|Any CPU
		{E483C783-5E7B-4254-936B-F8306D71081C}.Release|Any CPU.ActiveCfg = Release|Any CPU
		{E483C783-5E7B-4254-936B-F8306D71081C}.Release|Any CPU.Build.0 = Release|Any CPU
		{213C4F10-EF1B-40AF-8FCF-F480F58F42C3}.Debug|Any CPU.ActiveCfg = Debug|Any CPU
		{213C4F10-EF1B-40AF-8FCF-F480F58F42C3}.Debug|Any CPU.Build.0 = Debug|Any CPU
		{213C4F10-EF1B-40AF-8FCF-F480F58F42C3}.Release|Any CPU.ActiveCfg = Release|Any CPU
		{213C4F10-EF1B-40AF-8FCF-F480F58F42C3}.Release|Any CPU.Build.0 = Release|Any CPU
		{74A86B80-1F8F-45FE-807C-A9F9BA2E7D50}.Debug|Any CPU.ActiveCfg = Debug|Any CPU
		{74A86B80-1F8F-45FE-807C-A9F9BA2E7D50}.Debug|Any CPU.Build.0 = Debug|Any CPU
		{74A86B80-1F8F-45FE-807C-A9F9BA2E7D50}.Release|Any CPU.ActiveCfg = Release|Any CPU
		{74A86B80-1F8F-45FE-807C-A9F9BA2E7D50}.Release|Any CPU.Build.0 = Release|Any CPU
		{BEC306B2-735C-46EE-9A4C-5A4D5B9A2AA1}.Debug|Any CPU.ActiveCfg = Debug|Any CPU
		{BEC306B2-735C-46EE-9A4C-5A4D5B9A2AA1}.Debug|Any CPU.Build.0 = Debug|Any CPU
		{BEC306B2-735C-46EE-9A4C-5A4D5B9A2AA1}.Release|Any CPU.ActiveCfg = Release|Any CPU
		{BEC306B2-735C-46EE-9A4C-5A4D5B9A2AA1}.Release|Any CPU.Build.0 = Release|Any CPU
		{B7F1E9D1-9D4F-4924-8524-169EDB4BDE70}.Debug|Any CPU.ActiveCfg = Debug|Any CPU
		{B7F1E9D1-9D4F-4924-8524-169EDB4BDE70}.Debug|Any CPU.Build.0 = Debug|Any CPU
		{B7F1E9D1-9D4F-4924-8524-169EDB4BDE70}.Release|Any CPU.ActiveCfg = Release|Any CPU
		{B7F1E9D1-9D4F-4924-8524-169EDB4BDE70}.Release|Any CPU.Build.0 = Release|Any CPU
		{2F223F79-7811-45DD-8570-E400E8B9675F}.Debug|Any CPU.ActiveCfg = Debug|Any CPU
		{2F223F79-7811-45DD-8570-E400E8B9675F}.Debug|Any CPU.Build.0 = Debug|Any CPU
		{2F223F79-7811-45DD-8570-E400E8B9675F}.Release|Any CPU.ActiveCfg = Release|Any CPU
		{2F223F79-7811-45DD-8570-E400E8B9675F}.Release|Any CPU.Build.0 = Release|Any CPU
		{060BB995-7E6E-4EC7-9345-4013537FD5A4}.Debug|Any CPU.ActiveCfg = Debug|Any CPU
		{060BB995-7E6E-4EC7-9345-4013537FD5A4}.Debug|Any CPU.Build.0 = Debug|Any CPU
		{060BB995-7E6E-4EC7-9345-4013537FD5A4}.Release|Any CPU.ActiveCfg = Release|Any CPU
		{060BB995-7E6E-4EC7-9345-4013537FD5A4}.Release|Any CPU.Build.0 = Release|Any CPU
		{ACD0EE1E-4F2F-4BEB-A2DE-090E2E21AD2D}.Debug|Any CPU.ActiveCfg = Debug|Any CPU
		{ACD0EE1E-4F2F-4BEB-A2DE-090E2E21AD2D}.Debug|Any CPU.Build.0 = Debug|Any CPU
		{ACD0EE1E-4F2F-4BEB-A2DE-090E2E21AD2D}.Release|Any CPU.ActiveCfg = Release|Any CPU
		{ACD0EE1E-4F2F-4BEB-A2DE-090E2E21AD2D}.Release|Any CPU.Build.0 = Release|Any CPU
	EndGlobalSection
	GlobalSection(SolutionProperties) = preSolution
		HideSolutionNode = FALSE
	EndGlobalSection
	GlobalSection(NestedProjects) = preSolution
		{E99A0EBC-1D28-4201-9075-D2EC576927D0} = {17D31FE0-A765-46D7-A0A8-558E0FEB23EE}
		{E483C783-5E7B-4254-936B-F8306D71081C} = {2D0280F9-4F16-48F3-BB46-1DADC5E0A534}
		{213C4F10-EF1B-40AF-8FCF-F480F58F42C3} = {67096AE6-92C8-4937-B26B-05D45D8FB837}
		{74A86B80-1F8F-45FE-807C-A9F9BA2E7D50} = {17D31FE0-A765-46D7-A0A8-558E0FEB23EE}
		{BEC306B2-735C-46EE-9A4C-5A4D5B9A2AA1} = {2D0280F9-4F16-48F3-BB46-1DADC5E0A534}
		{B7F1E9D1-9D4F-4924-8524-169EDB4BDE70} = {67096AE6-92C8-4937-B26B-05D45D8FB837}
		{2F223F79-7811-45DD-8570-E400E8B9675F} = {2D0280F9-4F16-48F3-BB46-1DADC5E0A534}
		{060BB995-7E6E-4EC7-9345-4013537FD5A4} = {67096AE6-92C8-4937-B26B-05D45D8FB837}
		{ACD0EE1E-4F2F-4BEB-A2DE-090E2E21AD2D} = {3812F7B3-E15F-4FF1-90C0-6AA1B998BE5D}
	EndGlobalSection
EndGlobal
